
Microsoft Visual Studio Solution File, Format Version 12.00
Project("{FAE04EC0-301F-11D3-BF4B-00C04F79EFBC}") = "Cs2SuperPowers", "src\Cs2SuperPowers\Cs2SuperPowers.csproj", "{15D325DC-0B1A-4D42-9DCF-5720A2F2A045}"
EndProject
Global
	GlobalSection(SolutionConfigurationPlatforms) = preSolution
		Debug|Any CPU = Debug|Any CPU
		Release|Any CPU = Release|Any CPU
	EndGlobalSection
	GlobalSection(ProjectConfigurationPlatforms) = postSolution
		{15D325DC-0B1A-4D42-9DCF-5720A2F2A045}.Debug|Any CPU.ActiveCfg = Debug|Any CPU
		{15D325DC-0B1A-4D42-9DCF-5720A2F2A045}.Debug|Any CPU.Build.0 = Debug|Any CPU
		{15D325DC-0B1A-4D42-9DCF-5720A2F2A045}.Release|Any CPU.ActiveCfg = Release|Any CPU
		{15D325DC-0B1A-4D42-9DCF-5720A2F2A045}.Release|Any CPU.Build.0 = Release|Any CPU
	EndGlobalSection
EndGlobal
